
Microsoft Visual Studio Solution File, Format Version 12.00
# Visual Studio Version 16
VisualStudioVersion = 16.0.29926.136
MinimumVisualStudioVersion = 10.0.40219.1
Project("{FAE04EC0-301F-11D3-BF4B-00C04F79EFBC}") = "WebServiceTestImaginamos", "WebServiceTestImaginamos\WebServiceTestImaginamos.csproj", "{0D7F5C50-4FA7-4D4C-BA78-8ED3F8F5FAAF}"
EndProject
Global
	GlobalSection(SolutionConfigurationPlatforms) = preSolution
		Debug|Any CPU = Debug|Any CPU
		Release|Any CPU = Release|Any CPU
	EndGlobalSection
	GlobalSection(ProjectConfigurationPlatforms) = postSolution
		{0D7F5C50-4FA7-4D4C-BA78-8ED3F8F5FAAF}.Debug|Any CPU.ActiveCfg = Debug|Any CPU
		{0D7F5C50-4FA7-4D4C-BA78-8ED3F8F5FAAF}.Debug|Any CPU.Build.0 = Debug|Any CPU
		{0D7F5C50-4FA7-4D4C-BA78-8ED3F8F5FAAF}.Release|Any CPU.ActiveCfg = Release|Any CPU
		{0D7F5C50-4FA7-4D4C-BA78-8ED3F8F5FAAF}.Release|Any CPU.Build.0 = Release|Any CPU
	EndGlobalSection
	GlobalSection(SolutionProperties) = preSolution
		HideSolutionNode = FALSE
	EndGlobalSection
	GlobalSection(ExtensibilityGlobals) = postSolution
		SolutionGuid = {7567F8A7-C799-42E2-948C-7BD1932137A8}
	EndGlobalSection
EndGlobal
